
Microsoft Visual Studio Solution File, Format Version 12.00
# Visual Studio Version 17
VisualStudioVersion = 17.10.35122.118
MinimumVisualStudioVersion = 10.0.40219.1
Project("{9A19103F-16F7-4668-BE54-9A1E7A4F7556}") = "EmployeeApplication", "LibraryEmployeeApplication\EmployeeApplication.csproj", "{96B41C65-33B8-4B58-8322-8E1E22954629}"
EndProject
Project("{9A19103F-16F7-4668-BE54-9A1E7A4F7556}") = "Models", "LibraryModels\Models.csproj", "{3CC8217C-E6CE-4B1E-A0B7-B073C74BA181}"
EndProject
Project("{2150E333-8FDC-42A3-9474-1A3956D46DE8}") = "Project Diagrams", "Project Diagrams", "{E237FFBA-C005-43A0-A11B-96D8425D7C45}"
	ProjectSection(SolutionItems) = preProject
		..\..\..\Shared\LMS_Package_Diagram.vsdx = ..\..\..\Shared\LMS_Package_Diagram.vsdx
		..\..\..\Shared\LMS_UseCase_Diagram.vsdx = ..\..\..\Shared\LMS_UseCase_Diagram.vsdx
	EndProjectSection
EndProject
Project("{9A19103F-16F7-4668-BE54-9A1E7A4F7556}") = "UserApplication", "LibraryUserApplication\UserApplication.csproj", "{7BBE8037-6C66-4D7D-AB7C-D02A5D059766}"
EndProject
Project("{9A19103F-16F7-4668-BE54-9A1E7A4F7556}") = "Database", "LibraryDatabase\Database.csproj", "{C0B909CD-C4D1-42B4-8D5A-BD59A1BDD2F2}"
EndProject
Project("{9A19103F-16F7-4668-BE54-9A1E7A4F7556}") = "Controllers", "Controllers\Controllers.csproj", "{2DFBE851-C23B-45BF-939E-9AEC4EC188B6}"
EndProject
Project("{9A19103F-16F7-4668-BE54-9A1E7A4F7556}") = "GlobalApplicationVariables", "ApplicationStyle\GlobalApplicationVariables.csproj", "{9330B075-0CF8-4C37-AC6A-3FD0809D85EA}"
EndProject
Project("{FAE04EC0-301F-11D3-BF4B-00C04F79EFBC}") = "ServerApplication", "ServerApplication\ServerApplication.csproj", "{7CBB9C3A-C898-4AFF-B9F2-DDC12B43082B}"
EndProject
Global
	GlobalSection(SolutionConfigurationPlatforms) = preSolution
		Debug|Any CPU = Debug|Any CPU
		Release|Any CPU = Release|Any CPU
	EndGlobalSection
	GlobalSection(ProjectConfigurationPlatforms) = postSolution
		{96B41C65-33B8-4B58-8322-8E1E22954629}.Debug|Any CPU.ActiveCfg = Debug|Any CPU
		{96B41C65-33B8-4B58-8322-8E1E22954629}.Debug|Any CPU.Build.0 = Debug|Any CPU
		{96B41C65-33B8-4B58-8322-8E1E22954629}.Release|Any CPU.ActiveCfg = Release|Any CPU
		{96B41C65-33B8-4B58-8322-8E1E22954629}.Release|Any CPU.Build.0 = Release|Any CPU
		{3CC8217C-E6CE-4B1E-A0B7-B073C74BA181}.Debug|Any CPU.ActiveCfg = Debug|Any CPU
		{3CC8217C-E6CE-4B1E-A0B7-B073C74BA181}.Debug|Any CPU.Build.0 = Debug|Any CPU
		{3CC8217C-E6CE-4B1E-A0B7-B073C74BA181}.Release|Any CPU.ActiveCfg = Release|Any CPU
		{3CC8217C-E6CE-4B1E-A0B7-B073C74BA181}.Release|Any CPU.Build.0 = Release|Any CPU
		{7BBE8037-6C66-4D7D-AB7C-D02A5D059766}.Debug|Any CPU.ActiveCfg = Debug|Any CPU
		{7BBE8037-6C66-4D7D-AB7C-D02A5D059766}.Debug|Any CPU.Build.0 = Debug|Any CPU
		{7BBE8037-6C66-4D7D-AB7C-D02A5D059766}.Release|Any CPU.ActiveCfg = Release|Any CPU
		{7BBE8037-6C66-4D7D-AB7C-D02A5D059766}.Release|Any CPU.Build.0 = Release|Any CPU
		{C0B909CD-C4D1-42B4-8D5A-BD59A1BDD2F2}.Debug|Any CPU.ActiveCfg = Debug|Any CPU
		{C0B909CD-C4D1-42B4-8D5A-BD59A1BDD2F2}.Debug|Any CPU.Build.0 = Debug|Any CPU
		{C0B909CD-C4D1-42B4-8D5A-BD59A1BDD2F2}.Release|Any CPU.ActiveCfg = Release|Any CPU
		{C0B909CD-C4D1-42B4-8D5A-BD59A1BDD2F2}.Release|Any CPU.Build.0 = Release|Any CPU
		{2DFBE851-C23B-45BF-939E-9AEC4EC188B6}.Debug|Any CPU.ActiveCfg = Debug|Any CPU
		{2DFBE851-C23B-45BF-939E-9AEC4EC188B6}.Debug|Any CPU.Build.0 = Debug|Any CPU
		{2DFBE851-C23B-45BF-939E-9AEC4EC188B6}.Release|Any CPU.ActiveCfg = Release|Any CPU
		{2DFBE851-C23B-45BF-939E-9AEC4EC188B6}.Release|Any CPU.Build.0 = Release|Any CPU
		{9330B075-0CF8-4C37-AC6A-3FD0809D85EA}.Debug|Any CPU.ActiveCfg = Debug|Any CPU
		{9330B075-0CF8-4C37-AC6A-3FD0809D85EA}.Debug|Any CPU.Build.0 = Debug|Any CPU
		{9330B075-0CF8-4C37-AC6A-3FD0809D85EA}.Release|Any CPU.ActiveCfg = Release|Any CPU
		{9330B075-0CF8-4C37-AC6A-3FD0809D85EA}.Release|Any CPU.Build.0 = Release|Any CPU
		{7CBB9C3A-C898-4AFF-B9F2-DDC12B43082B}.Debug|Any CPU.ActiveCfg = Debug|Any CPU
		{7CBB9C3A-C898-4AFF-B9F2-DDC12B43082B}.Debug|Any CPU.Build.0 = Debug|Any CPU
		{7CBB9C3A-C898-4AFF-B9F2-DDC12B43082B}.Release|Any CPU.ActiveCfg = Release|Any CPU
		{7CBB9C3A-C898-4AFF-B9F2-DDC12B43082B}.Release|Any CPU.Build.0 = Release|Any CPU
	EndGlobalSection
	GlobalSection(SolutionProperties) = preSolution
		HideSolutionNode = FALSE
	EndGlobalSection
	GlobalSection(ExtensibilityGlobals) = postSolution
		SolutionGuid = {1F998E0D-84A0-4859-8D17-C938ED6AD639}
	EndGlobalSection
EndGlobal
